// !$*UTF8*$!
{
	archiveVersion = 1;
	classes = {
	};
	objectVersion = 46;
	objects = {

/* Begin PBXBuildFile section */
		04D1BCC01BE5DC04001FFECB /* main.c in Sources */ = {isa = PBXBuildFile; fileRef = 04D1BCBF1BE5DC04001FFECB /* main.c */; };
/* End PBXBuildFile section */

/* Begin PBXCopyFilesBuildPhase section */
		04D1BCBA1BE5DC04001FFECB /* CopyFiles */ = {
			isa = PBXCopyFilesBuildPhase;
			buildActionMask = 2147483647;
			dstPath = /usr/share/man/man1/;
			dstSubfolderSpec = 0;
			files = (
			);
			runOnlyForDeploymentPostprocessing = 1;
		};
/* End PBXCopyFilesBuildPhase section */

/* Begin PBXFileReference section */
		04D1BCBC1BE5DC04001FFECB /* 递归倒序输出 */ = {isa = PBXFileReference; explicitFileType = "compiled.mach-o.executable"; includeInIndex = 0; path = "递归倒序输出"; sourceTree = BUILT_PRODUCTS_DIR; };
		04D1BCBF1BE5DC04001FFECB /* main.c */ = {isa = PBXFileReference; lastKnownFileType = sourcecode.c.c; path = main.c; sourceTree = "<group>"; };
/* End PBXFileReference section */

/* Begin PBXFrameworksBuildPhase section */
		04D1BCB91BE5DC04001FFECB /* Frameworks */ = {
			isa = PBXFrameworksBuildPhase;
			buildActionMask = 2147483647;
			files = (
			);
			runOnlyForDeploymentPostprocessing = 0;
		};
/* End PBXFrameworksBuildPhase section */

/* Begin PBXGroup section */
		04D1BCB31BE5DC04001FFECB = {
			isa = PBXGroup;
			children = (
				04D1BCBE1BE5DC04001FFECB /* 递归倒序输出 */,
				04D1BCBD1BE5DC04001FFECB /* Products */,
			);
			sourceTree = "<group>";
		};
		04D1BCBD1BE5DC04001FFECB /* Products */ = {
			isa = PBXGroup;
			children = (
				04D1BCBC1BE5DC04001FFECB /* 递归倒序输出 */,
			);
			name = Products;
			sourceTree = "<group>";
		};
		04D1BCBE1BE5DC04001FFECB /* 递归倒序输出 */ = {
			isa = PBXGroup;
			children = (
				04D1BCBF1BE5DC04001FFECB /* main.c */,
			);
			path = "递归倒序输出";
			sourceTree = "<group>";
		};
/* End PBXGroup section */

/* Begin PBXNativeTarget section */
		04D1BCBB1BE5DC04001FFECB /* 递归倒序输出 */ = {
			isa = PBXNativeTarget;
			buildConfigurationList = 04D1BCC31BE5DC04001FFECB /* Build configuration list for PBXNativeTarget "递归倒序输出" */;
			buildPhases = (
				04D1BCB81BE5DC04001FFECB /* Sources */,
				04D1BCB91BE5DC04001FFECB /* Frameworks */,
				04D1BCBA1BE5DC04001FFECB /* CopyFiles */,
			);
			buildRules = (
			);
			dependencies = (
			);
			name = "递归倒序输出";
			productName = "递归倒序输出";
			productReference = 04D1BCBC1BE5DC04001FFECB /* 递归倒序输出 */;
			productType = "com.apple.product-type.tool";
		};
/* End PBXNativeTarget section */

/* Begin PBXProject section */
		04D1BCB41BE5DC04001FFECB /* Project object */ = {
			isa = PBXProject;
			attributes = {
				LastUpgradeCheck = 0730;
				ORGANIZATIONNAME = mac;
				TargetAttributes = {
					04D1BCBB1BE5DC04001FFECB = {
						CreatedOnToolsVersion = 6.4;
					};
				};
			};
			buildConfigurationList = 04D1BCB71BE5DC04001FFECB /* Build configuration list for PBXProject "递归倒序输出" */;
			compatibilityVersion = "Xcode 3.2";
			developmentRegion = English;
			hasScannedForEncodings = 0;
			knownRegions = (
				en,
			);
			mainGroup = 04D1BCB31BE5DC04001FFECB;
			productRefGroup = 04D1BCBD1BE5DC04001FFECB /* Products */;
			projectDirPath = "";
			projectRoot = "";
			targets = (
				04D1BCBB1BE5DC04001FFECB /* 递归倒序输出 */,
			);
		};
/* End PBXProject section */

/* Begin PBXSourcesBuildPhase section */
		04D1BCB81BE5DC04001FFECB /* Sources */ = {
			isa = PBXSourcesBuildPhase;
			buildActionMask = 2147483647;
			files = (
				04D1BCC01BE5DC04001FFECB /* main.c in Sources */,
			);
			runOnlyForDeploymentPostprocessing = 0;
		};
/* End PBXSourcesBuildPhase section */

/* Begin XCBuildConfiguration section */
		04D1BCC11BE5DC04001FFECB /* Debug */ = {
			isa = XCBuildConfiguration;
			buildSettings = {
				ALWAYS_SEARCH_USER_PATHS = NO;
				CLANG_CXX_LANGUAGE_STANDARD = "gnu++0x";
				CLANG_CXX_LIBRARY = "libc++";
				CLANG_ENABLE_MODULES = YES;
				CLANG_ENABLE_OBJC_ARC = YES;
				CLANG_WARN_BOOL_CONVERSION = YES;
				CLANG_WARN_CONSTANT_CONVERSION = YES;
				CLANG_WARN_DIRECT_OBJC_ISA_USAGE = YES_ERROR;
				CLANG_WARN_EMPTY_BODY = YES;
				CLANG_WARN_ENUM_CONVERSION = YES;
				CLANG_WARN_INT_CONVERSION = YES;
				CLANG_WARN_OBJC_ROOT_CLASS = YES_ERROR;
				CLANG_WARN_UNREACHABLE_CODE = YES;
				CLANG_WARN__DUPLICATE_METHOD_MATCH = YES;
				COPY_PHASE_STRIP = NO;
				DEBUG_INFORMATION_FORMAT = dwarf;
				ENABLE_STRICT_OBJC_MSGSEND = YES;
				ENABLE_TESTABILITY = YES;
				GCC_C_LANGUAGE_STANDARD = gnu99;
				GCC_DYNAMIC_NO_PIC = NO;
				GCC_NO_COMMON_BLOCKS = YES;
				GCC_OPTIMIZATION_LEVEL = 0;
				GCC_PREPROCESSOR_DEFINITIONS = (
					"DEBUG=1",
					"$(inherited)",
				);
				GCC_SYMBOLS_PRIVATE_EXTERN = NO;
				GCC_WARN_64_TO_32_BIT_CONVERSION = YES;
				GCC_WARN_ABOUT_RETURN_TYPE = YES_ERROR;
				GCC_WARN_UNDECLARED_SELECTOR = YES;
				GCC_WARN_UNINITIALIZED_AUTOS = YES_AGGRESSIVE;
				GCC_WARN_UNUSED_FUNCTION = YES;
				GCC_WARN_UNUSED_VARIABLE = YES;
				MACOSX_DEPLOYMENT_TARGET = 10.11;
				MTL_ENABLE_DEBUG_INFO = YES;
				ONLY_ACTIVE_ARCH = YES;
				SDKROOT = macosx;
			};
			name = Debug;
		};
		04D1BCC21BE5DC04001FFECB /* Release */ = {
			isa = XCBuildConfiguration;
			buildSettings = {
				ALWAYS_SEARCH_USER_PATHS = NO;
				CLANG_CXX_LANGUAGE_STANDARD = "gnu++0x";
				CLANG_CXX_LIBRARY = "libc++";
				CLANG_ENABLE_MODULES = YES;
				CLANG_ENABLE_OBJC_ARC = YES;
				CLANG_WARN_BOOL_CONVERSION = YES;
				CLANG_WARN_CONSTANT_CONVERSION = YES;
				CLANG_WARN_DIRECT_OBJC_ISA_USAGE = YES_ERROR;
				CLANG_WARN_EMPTY_BODY = YES;
				CLANG_WARN_ENUM_CONVERSION = YES;
				CLANG_WARN_INT_CONVERSION = YES;
				CLANG_WARN_OBJC_ROOT_CLASS = YES_ERROR;
				CLANG_WARN_UNREACHABLE_CODE = YES;
				CLANG_WARN__DUPLICATE_METHOD_MATCH = YES;
				COPY_PHASE_STRIP = NO;
				DEBUG_INFORMATION_FORMAT = "dwarf-with-dsym";
				ENABLE_NS_ASSERTIONS = NO;
				ENABLE_STRICT_OBJC_MSGSEND = YES;
				GCC_C_LANGUAGE_STANDARD = gnu99;
				GCC_NO_COMMON_BLOCKS = YES;
				GCC_WARN_64_TO_32_BIT_CONVERSION = YES;
				GCC_WARN_ABOUT_RETURN_TYPE = YES_ERROR;
				GCC_WARN_UNDECLARED_SELECTOR = YES;
				GCC_WARN_UNINITIALIZED_AUTOS = YES_AGGRESSIVE;
				GCC_WARN_UNUSED_FUNCTION = YES;
				GCC_WARN_UNUSED_VARIABLE = YES;
				MACOSX_DEPLOYMENT_TARGET = 10.11;
				MTL_ENABLE_DEBUG_INFO = NO;
				SDKROOT = macosx;
			};
			name = Release;
		};
		04D1BCC41BE5DC04001FFECB /* Debug */ = {
			isa = XCBuildConfiguration;
			buildSettings = {
				MACOSX_DEPLOYMENT_TARGET = 10.10;
				PRODUCT_NAME = "$(TARGET_NAME)";
			};
			name = Debug;
		};
		04D1BCC51BE5DC04001FFECB /* Release */ = {
			isa = XCBuildConfiguration;
			buildSettings = {
				MACOSX_DEPLOYMENT_TARGET = 10.10;
				PRODUCT_NAME = "$(TARGET_NAME)";
			};
			name = Release;
		};
/* End XCBuildConfiguration section */

/* Begin XCConfigurationList section */
		04D1BCB71BE5DC04001FFECB /* Build configuration list for PBXProject "递归倒序输出" */ = {
			isa = XCConfigurationList;
			buildConfigurations = (
				04D1BCC11BE5DC04001FFECB /* Debug */,
				04D1BCC21BE5DC04001FFECB /* Release */,
			);
			defaultConfigurationIsVisible = 0;
			defaultConfigurationName = Release;
		};
		04D1BCC31BE5DC04001FFECB /* Build configuration list for PBXNativeTarget "递归倒序输出" */ = {
			isa = XCConfigurationList;
			buildConfigurations = (
				04D1BCC41BE5DC04001FFECB /* Debug */,
				04D1BCC51BE5DC04001FFECB /* Release */,
			);
			defaultConfigurationIsVisible = 0;
			defaultConfigurationName = Release;
		};
/* End XCConfigurationList section */
	};
	rootObject = 04D1BCB41BE5DC04001FFECB /* Project object */;
}
